{
  "name": "vectors",
  "version": "1.0.0",
  "lockfileVersion": 1,
  "requires": true,
  "dependencies": {
    "@thi.ng/api": {
      "version": "4.2.0",
      "resolved": "https://registry.npmjs.org/@thi.ng/api/-/api-4.2.0.tgz",
      "integrity": "sha512-D1N8Krr9pihwYR5A2pdjpw3LNSt7NOK3olffy/5HYXav31JieW/VPDyChKKk0QQMGm9M+bEEQDKJepXqA0k0LQ==",
      "requires": {
        "@thi.ng/errors": "0.1.8"
      }
    },
    "@thi.ng/checks": {
      "version": "1.5.10",
      "resolved": "https://registry.npmjs.org/@thi.ng/checks/-/checks-1.5.10.tgz",
      "integrity": "sha512-U+XGsHy/SKCXnAV/qNMs1A3VbO1L+IDb0+RR0zpCLdy6qgRxFwB0LkbVD6OK10TAULC9ke9Bqm9g31ByYbv0AA=="
    },
    "@thi.ng/compare": {
      "version": "0.1.8",
      "resolved": "https://registry.npmjs.org/@thi.ng/compare/-/compare-0.1.8.tgz",
      "integrity": "sha512-Y0Z9V8z+wV/MQp/QinA7XmBWeaqwF+SvkqdGLB+5Y4J3x9hf4mhWaOIS+AxT3R77VhtR0ivwwyDuXKS71Pmkyw=="
    },
    "@thi.ng/compose": {
      "version": "0.1.3",
      "resolved": "https://registry.npmjs.org/@thi.ng/compose/-/compose-0.1.3.tgz",
      "integrity": "sha512-nwrnc51n4ti4zxiny/U11XtkQX0rsrintoCSKitytmC7hZBYOcxGyypqSQDZVyUpEfUGe+RPc6w11ch7GHtvHg==",
      "requires": {
        "@thi.ng/api": "4.2.0",
        "@thi.ng/errors": "0.1.8"
      }
    },
    "@thi.ng/equiv": {
      "version": "0.1.10",
      "resolved": "https://registry.npmjs.org/@thi.ng/equiv/-/equiv-0.1.10.tgz",
      "integrity": "sha512-jtuWdOiPwsH/u979+6hf2kt3CN/srtaBYilQsHdaVflmj3Or7CBtKBwjMvOF1Cinh/MAWS/Nfv14dD5XyW7X8g=="
    },
    "@thi.ng/errors": {
      "version": "0.1.8",
      "resolved": "https://registry.npmjs.org/@thi.ng/errors/-/errors-0.1.8.tgz",
      "integrity": "sha512-19ifi3WfTJbiv/3G7Q0XVXFgW5eTbW4iJx0UvIyIEWBvAT8TIOIf1cU0E87fTTy+YJO6wP954KQiRYRVP9HZpA=="
    },
    "@thi.ng/memoize": {
      "version": "0.2.2",
      "resolved": "https://registry.npmjs.org/@thi.ng/memoize/-/memoize-0.2.2.tgz",
      "integrity": "sha512-aJvdXxZfjYXuDF3ERPbbclem2kM4j5hdyIByZWCE4RzzznFJZBQsIxXAvxVhCohd4OQMNyifWNibH5KFGAgSEA==",
      "requires": {
        "@thi.ng/api": "4.2.0"
      }
    },
    "@thi.ng/strings": {
      "version": "0.4.1",
      "resolved": "https://registry.npmjs.org/@thi.ng/strings/-/strings-0.4.1.tgz",
      "integrity": "sha512-9bb/6uaS4V2IWKa+aqBCZvprES1tamJKz5FxJIk3Mk41pLQwVhuzZBReM0DSYMpc+2VKt2iWaShGJ1mV3GjOgA==",
      "requires": {
        "@thi.ng/memoize": "0.2.2"
      }
    },
    "@thi.ng/transducers": {
      "version": "2.1.2",
      "resolved": "https://registry.npmjs.org/@thi.ng/transducers/-/transducers-2.1.2.tgz",
      "integrity": "sha512-Guo+utIHH1gEPg+NC7ZlmBzJkpGswyDLDbsciPS209bo84PeuAdsq6CiAl234tFRqXpM+o/V45wRc4xuvXm3RA==",
      "requires": {
        "@thi.ng/api": "4.2.0",
        "@thi.ng/checks": "1.5.10",
        "@thi.ng/compare": "0.1.8",
        "@thi.ng/compose": "0.1.3",
        "@thi.ng/equiv": "0.1.10",
        "@thi.ng/errors": "0.1.8",
        "@thi.ng/strings": "0.4.1"
      }
    },
    "@thi.ng/vectors": {
      "version": "1.2.1",
      "resolved": "https://registry.npmjs.org/@thi.ng/vectors/-/vectors-1.2.1.tgz",
      "integrity": "sha512-us3S14nc7a8YZQF9cWxDV3ubJRoEaJhXJ0UQiLW1o4Nsnsixz1h3hZ2TAAtnCZABsAQvwhJRqfR5FuGDZRNZfA==",
      "requires": {
        "@thi.ng/api": "4.2.0",
        "@thi.ng/checks": "1.5.10",
        "@thi.ng/errors": "0.1.8"
      }
    },
    "typescript": {
      "version": "3.0.3",
      "resolved": "https://registry.npmjs.org/typescript/-/typescript-3.0.3.tgz",
      "integrity": "sha512-kk80vLW9iGtjMnIv11qyxLqZm20UklzuR2tL0QAnDIygIUIemcZMxlMWudl9OOt76H3ntVzcTiddQ1/pAAJMYg==",
      "dev": true
    }
  }
}
